
Microsoft Visual Studio Solution File, Format Version 12.00
# Visual Studio 2015
Project("{FAE04EC0-301F-11D3-BF4B-00C04F79EFBC}") = "ColorShifter.CSharp.Plugins", "ColorShifter.CSharp.Plugins.csproj", "{F03B428F-5061-ED4D-9678-9D65BB2C57FA}"
EndProject
Project("{FAE04EC0-301F-11D3-BF4B-00C04F79EFBC}") = "ColorShifter.CSharp", "ColorShifter.CSharp.csproj", "{640AD887-314D-F615-8BF5-35B77C46F1E1}"
EndProject
Project("{FAE04EC0-301F-11D3-BF4B-00C04F79EFBC}") = "ColorShifter.CSharp.Editor", "ColorShifter.CSharp.Editor.csproj", "{DDC2250A-DDC8-B99A-E01E-8D4F242EB055}"
EndProject
Global
	GlobalSection(SolutionConfigurationPlatforms) = preSolution
		Debug|Any CPU = Debug|Any CPU
		Release|Any CPU = Release|Any CPU
	EndGlobalSection
	GlobalSection(ProjectConfigurationPlatforms) = postSolution
		{F03B428F-5061-ED4D-9678-9D65BB2C57FA}.Debug|Any CPU.ActiveCfg = Debug|Any CPU
		{F03B428F-5061-ED4D-9678-9D65BB2C57FA}.Debug|Any CPU.Build.0 = Debug|Any CPU
		{F03B428F-5061-ED4D-9678-9D65BB2C57FA}.Release|Any CPU.ActiveCfg = Release|Any CPU
		{F03B428F-5061-ED4D-9678-9D65BB2C57FA}.Release|Any CPU.Build.0 = Release|Any CPU
		{640AD887-314D-F615-8BF5-35B77C46F1E1}.Debug|Any CPU.ActiveCfg = Debug|Any CPU
		{640AD887-314D-F615-8BF5-35B77C46F1E1}.Debug|Any CPU.Build.0 = Debug|Any CPU
		{640AD887-314D-F615-8BF5-35B77C46F1E1}.Release|Any CPU.ActiveCfg = Release|Any CPU
		{640AD887-314D-F615-8BF5-35B77C46F1E1}.Release|Any CPU.Build.0 = Release|Any CPU
		{DDC2250A-DDC8-B99A-E01E-8D4F242EB055}.Debug|Any CPU.ActiveCfg = Debug|Any CPU
		{DDC2250A-DDC8-B99A-E01E-8D4F242EB055}.Debug|Any CPU.Build.0 = Debug|Any CPU
		{DDC2250A-DDC8-B99A-E01E-8D4F242EB055}.Release|Any CPU.ActiveCfg = Release|Any CPU
		{DDC2250A-DDC8-B99A-E01E-8D4F242EB055}.Release|Any CPU.Build.0 = Release|Any CPU
	EndGlobalSection
	GlobalSection(SolutionProperties) = preSolution
		HideSolutionNode = FALSE
	EndGlobalSection
EndGlobal
